
Microsoft Visual Studio Solution File, Format Version 12.00
# Visual Studio 14
VisualStudioVersion = 14.0.25420.1
MinimumVisualStudioVersion = 10.0.40219.1
Project("{FAE04EC0-301F-11D3-BF4B-00C04F79EFBC}") = "NancyServer2", "NancyServer2\NancyServer2.csproj", "{AE2D967A-06D6-499F-AA0E-6977C34BECC6}"
EndProject
Global
	GlobalSection(SolutionConfigurationPlatforms) = preSolution
		Debug|Any CPU = Debug|Any CPU
		Release|Any CPU = Release|Any CPU
	EndGlobalSection
	GlobalSection(ProjectConfigurationPlatforms) = postSolution
		{AE2D967A-06D6-499F-AA0E-6977C34BECC6}.Debug|Any CPU.ActiveCfg = Debug|Any CPU
		{AE2D967A-06D6-499F-AA0E-6977C34BECC6}.Debug|Any CPU.Build.0 = Debug|Any CPU
		{AE2D967A-06D6-499F-AA0E-6977C34BECC6}.Release|Any CPU.ActiveCfg = Release|Any CPU
		{AE2D967A-06D6-499F-AA0E-6977C34BECC6}.Release|Any CPU.Build.0 = Release|Any CPU
	EndGlobalSection
	GlobalSection(SolutionProperties) = preSolution
		HideSolutionNode = FALSE
	EndGlobalSection
EndGlobal
